{
  "name": "toDoList",
  "lockfileVersion": 2,
  "requires": true,
  "packages": {
    "": {
      "dependencies": {
        "typescript": "^4.7.4"
      }
    },
    "node_modules/typescript": {
      "version": "4.7.4",
      "resolved": "http://atf.intranet.bb.com.br:80/artifactory/api/npm/bb-npm-repo/typescript/-/typescript-4.7.4.tgz",
      "integrity": "sha1-GohZbRz0fVlQehvN+1ud/k1IgjU=",
      "license": "Apache-2.0",
      "bin": {
        "tsc": "bin/tsc",
        "tsserver": "bin/tsserver"
      },
      "engines": {
        "node": ">=4.2.0"
      }
    }
  },
  "dependencies": {
    "typescript": {
      "version": "4.7.4",
      "resolved": "http://atf.intranet.bb.com.br:80/artifactory/api/npm/bb-npm-repo/typescript/-/typescript-4.7.4.tgz",
      "integrity": "sha1-GohZbRz0fVlQehvN+1ud/k1IgjU="
    }
  }
}
